{
  "requires": true,
  "lockfileVersion": 1,
  "dependencies": {
    "react-native-push-notification": {
      "version": "7.1.1",
      "resolved": "https://registry.npmjs.org/react-native-push-notification/-/react-native-push-notification-7.1.1.tgz",
      "integrity": "sha512-WkkRJFAX6jfgWRv3ZrTigXes5CAtOIam/JBHc/FwyuGDzzYbT/F2hoUqp5a0hX1aVd4HCWohne2is6hHX+CBaA=="
    }
  }
}
